// !$*UTF8*$!
{
	archiveVersion = 1;
	classes = {
	};
	objectVersion = 50;
	objects = {

/* Begin PBXBuildFile section */
		1872F63F24648C1F0029FA1D /* AppDelegate.swift in Sources */ = {isa = PBXBuildFile; fileRef = 1872F63E24648C1F0029FA1D /* AppDelegate.swift */; };
		1872F64124648C1F0029FA1D /* SceneDelegate.swift in Sources */ = {isa = PBXBuildFile; fileRef = 1872F64024648C1F0029FA1D /* SceneDelegate.swift */; };
		1872F64324648C1F0029FA1D /* ViewController.swift in Sources */ = {isa = PBXBuildFile; fileRef = 1872F64224648C1F0029FA1D /* ViewController.swift */; };
		1872F64624648C1F0029FA1D /* Main.storyboard in Resources */ = {isa = PBXBuildFile; fileRef = 1872F64424648C1F0029FA1D /* Main.storyboard */; };
		1872F64824648C200029FA1D /* Assets.xcassets in Resources */ = {isa = PBXBuildFile; fileRef = 1872F64724648C200029FA1D /* Assets.xcassets */; };
		1872F64B24648C200029FA1D /* LaunchScreen.storyboard in Resources */ = {isa = PBXBuildFile; fileRef = 1872F64924648C200029FA1D /* LaunchScreen.storyboard */; };
		1872F65324648CB00029FA1D /* Session1.swift in Sources */ = {isa = PBXBuildFile; fileRef = 1872F65224648CB00029FA1D /* Session1.swift */; };
		187576F324650BC1003991A4 /* Session2.swift in Sources */ = {isa = PBXBuildFile; fileRef = 187576F224650BC1003991A4 /* Session2.swift */; };
		187576FC24650EFB003991A4 /* Session5ViewController.swift in Sources */ = {isa = PBXBuildFile; fileRef = 187576F424650EFB003991A4 /* Session5ViewController.swift */; };
		187576FD24650EFB003991A4 /* Session4ViewController.swift in Sources */ = {isa = PBXBuildFile; fileRef = 187576F524650EFB003991A4 /* Session4ViewController.swift */; };
		187576FE24650EFB003991A4 /* Session6ViewController.swift in Sources */ = {isa = PBXBuildFile; fileRef = 187576F624650EFB003991A4 /* Session6ViewController.swift */; };
		187576FF24650EFB003991A4 /* Session3ViewController.swift in Sources */ = {isa = PBXBuildFile; fileRef = 187576F724650EFB003991A4 /* Session3ViewController.swift */; };
		1875770024650EFB003991A4 /* Session1ViewController.swift in Sources */ = {isa = PBXBuildFile; fileRef = 187576F824650EFB003991A4 /* Session1ViewController.swift */; };
		1875770124650EFB003991A4 /* Session8ViewController.swift in Sources */ = {isa = PBXBuildFile; fileRef = 187576F924650EFB003991A4 /* Session8ViewController.swift */; };
		1875770224650EFB003991A4 /* Session2ViewController.swift in Sources */ = {isa = PBXBuildFile; fileRef = 187576FA24650EFB003991A4 /* Session2ViewController.swift */; };
		1875770324650EFB003991A4 /* Session7ViewController.swift in Sources */ = {isa = PBXBuildFile; fileRef = 187576FB24650EFB003991A4 /* Session7ViewController.swift */; };
/* End PBXBuildFile section */

/* Begin PBXFileReference section */
		1872F63B24648C1F0029FA1D /* LeoConbineTut.app */ = {isa = PBXFileReference; explicitFileType = wrapper.application; includeInIndex = 0; path = LeoConbineTut.app; sourceTree = BUILT_PRODUCTS_DIR; };
		1872F63E24648C1F0029FA1D /* AppDelegate.swift */ = {isa = PBXFileReference; lastKnownFileType = sourcecode.swift; path = AppDelegate.swift; sourceTree = "<group>"; };
		1872F64024648C1F0029FA1D /* SceneDelegate.swift */ = {isa = PBXFileReference; lastKnownFileType = sourcecode.swift; path = SceneDelegate.swift; sourceTree = "<group>"; };
		1872F64224648C1F0029FA1D /* ViewController.swift */ = {isa = PBXFileReference; lastKnownFileType = sourcecode.swift; path = ViewController.swift; sourceTree = "<group>"; };
		1872F64524648C1F0029FA1D /* Base */ = {isa = PBXFileReference; lastKnownFileType = file.storyboard; name = Base; path = Base.lproj/Main.storyboard; sourceTree = "<group>"; };
		1872F64724648C200029FA1D /* Assets.xcassets */ = {isa = PBXFileReference; lastKnownFileType = folder.assetcatalog; path = Assets.xcassets; sourceTree = "<group>"; };
		1872F64A24648C200029FA1D /* Base */ = {isa = PBXFileReference; lastKnownFileType = file.storyboard; name = Base; path = Base.lproj/LaunchScreen.storyboard; sourceTree = "<group>"; };
		1872F64C24648C200029FA1D /* Info.plist */ = {isa = PBXFileReference; lastKnownFileType = text.plist.xml; path = Info.plist; sourceTree = "<group>"; };
		1872F65224648CB00029FA1D /* Session1.swift */ = {isa = PBXFileReference; lastKnownFileType = sourcecode.swift; path = Session1.swift; sourceTree = "<group>"; };
		187576F224650BC1003991A4 /* Session2.swift */ = {isa = PBXFileReference; lastKnownFileType = sourcecode.swift; path = Session2.swift; sourceTree = "<group>"; };
		187576F424650EFB003991A4 /* Session5ViewController.swift */ = {isa = PBXFileReference; fileEncoding = 4; lastKnownFileType = sourcecode.swift; path = Session5ViewController.swift; sourceTree = "<group>"; };
		187576F524650EFB003991A4 /* Session4ViewController.swift */ = {isa = PBXFileReference; fileEncoding = 4; lastKnownFileType = sourcecode.swift; path = Session4ViewController.swift; sourceTree = "<group>"; };
		187576F624650EFB003991A4 /* Session6ViewController.swift */ = {isa = PBXFileReference; fileEncoding = 4; lastKnownFileType = sourcecode.swift; path = Session6ViewController.swift; sourceTree = "<group>"; };
		187576F724650EFB003991A4 /* Session3ViewController.swift */ = {isa = PBXFileReference; fileEncoding = 4; lastKnownFileType = sourcecode.swift; path = Session3ViewController.swift; sourceTree = "<group>"; };
		187576F824650EFB003991A4 /* Session1ViewController.swift */ = {isa = PBXFileReference; fileEncoding = 4; lastKnownFileType = sourcecode.swift; path = Session1ViewController.swift; sourceTree = "<group>"; };
		187576F924650EFB003991A4 /* Session8ViewController.swift */ = {isa = PBXFileReference; fileEncoding = 4; lastKnownFileType = sourcecode.swift; path = Session8ViewController.swift; sourceTree = "<group>"; };
		187576FA24650EFB003991A4 /* Session2ViewController.swift */ = {isa = PBXFileReference; fileEncoding = 4; lastKnownFileType = sourcecode.swift; path = Session2ViewController.swift; sourceTree = "<group>"; };
		187576FB24650EFB003991A4 /* Session7ViewController.swift */ = {isa = PBXFileReference; fileEncoding = 4; lastKnownFileType = sourcecode.swift; path = Session7ViewController.swift; sourceTree = "<group>"; };
/* End PBXFileReference section */

/* Begin PBXFrameworksBuildPhase section */
		1872F63824648C1F0029FA1D /* Frameworks */ = {
			isa = PBXFrameworksBuildPhase;
			buildActionMask = 2147483647;
			files = (
			);
			runOnlyForDeploymentPostprocessing = 0;
		};
/* End PBXFrameworksBuildPhase section */

/* Begin PBXGroup section */
		1872F63224648C1F0029FA1D = {
			isa = PBXGroup;
			children = (
				1872F63D24648C1F0029FA1D /* LeoConbineTut */,
				1872F63C24648C1F0029FA1D /* Products */,
			);
			sourceTree = "<group>";
		};
		1872F63C24648C1F0029FA1D /* Products */ = {
			isa = PBXGroup;
			children = (
				1872F63B24648C1F0029FA1D /* LeoConbineTut.app */,
			);
			name = Products;
			sourceTree = "<group>";
		};
		1872F63D24648C1F0029FA1D /* LeoConbineTut */ = {
			isa = PBXGroup;
			children = (
				1872F63E24648C1F0029FA1D /* AppDelegate.swift */,
				1872F64024648C1F0029FA1D /* SceneDelegate.swift */,
				1872F64224648C1F0029FA1D /* ViewController.swift */,
				1872F65224648CB00029FA1D /* Session1.swift */,
				187576F224650BC1003991A4 /* Session2.swift */,
				1872F64424648C1F0029FA1D /* Main.storyboard */,
				187576F824650EFB003991A4 /* Session1ViewController.swift */,
				187576FA24650EFB003991A4 /* Session2ViewController.swift */,
				187576F724650EFB003991A4 /* Session3ViewController.swift */,
				187576F524650EFB003991A4 /* Session4ViewController.swift */,
				187576F424650EFB003991A4 /* Session5ViewController.swift */,
				187576F624650EFB003991A4 /* Session6ViewController.swift */,
				187576FB24650EFB003991A4 /* Session7ViewController.swift */,
				187576F924650EFB003991A4 /* Session8ViewController.swift */,
				1872F64724648C200029FA1D /* Assets.xcassets */,
				1872F64924648C200029FA1D /* LaunchScreen.storyboard */,
				1872F64C24648C200029FA1D /* Info.plist */,
			);
			path = LeoConbineTut;
			sourceTree = "<group>";
		};
/* End PBXGroup section */

/* Begin PBXNativeTarget section */
		1872F63A24648C1F0029FA1D /* LeoConbineTut */ = {
			isa = PBXNativeTarget;
			buildConfigurationList = 1872F64F24648C200029FA1D /* Build configuration list for PBXNativeTarget "LeoConbineTut" */;
			buildPhases = (
				1872F63724648C1F0029FA1D /* Sources */,
				1872F63824648C1F0029FA1D /* Frameworks */,
				1872F63924648C1F0029FA1D /* Resources */,
			);
			buildRules = (
			);
			dependencies = (
			);
			name = LeoConbineTut;
			productName = LeoConbineTut;
			productReference = 1872F63B24648C1F0029FA1D /* LeoConbineTut.app */;
			productType = "com.apple.product-type.application";
		};
/* End PBXNativeTarget section */

/* Begin PBXProject section */
		1872F63324648C1F0029FA1D /* Project object */ = {
			isa = PBXProject;
			attributes = {
				LastSwiftUpdateCheck = 1110;
				LastUpgradeCheck = 1110;
				ORGANIZATIONNAME = "vijayvir Singh";
				TargetAttributes = {
					1872F63A24648C1F0029FA1D = {
						CreatedOnToolsVersion = 11.1;
					};
				};
			};
			buildConfigurationList = 1872F63624648C1F0029FA1D /* Build configuration list for PBXProject "LeoConbineTut" */;
			compatibilityVersion = "Xcode 9.3";
			developmentRegion = en;
			hasScannedForEncodings = 0;
			knownRegions = (
				en,
				Base,
			);
			mainGroup = 1872F63224648C1F0029FA1D;
			productRefGroup = 1872F63C24648C1F0029FA1D /* Products */;
			projectDirPath = "";
			projectRoot = "";
			targets = (
				1872F63A24648C1F0029FA1D /* LeoConbineTut */,
			);
		};
/* End PBXProject section */

/* Begin PBXResourcesBuildPhase section */
		1872F63924648C1F0029FA1D /* Resources */ = {
			isa = PBXResourcesBuildPhase;
			buildActionMask = 2147483647;
			files = (
				1872F64B24648C200029FA1D /* LaunchScreen.storyboard in Resources */,
				1872F64824648C200029FA1D /* Assets.xcassets in Resources */,
				1872F64624648C1F0029FA1D /* Main.storyboard in Resources */,
			);
			runOnlyForDeploymentPostprocessing = 0;
		};
/* End PBXResourcesBuildPhase section */

/* Begin PBXSourcesBuildPhase section */
		1872F63724648C1F0029FA1D /* Sources */ = {
			isa = PBXSourcesBuildPhase;
			buildActionMask = 2147483647;
			files = (
				187576FE24650EFB003991A4 /* Session6ViewController.swift in Sources */,
				1872F64324648C1F0029FA1D /* ViewController.swift in Sources */,
				187576FC24650EFB003991A4 /* Session5ViewController.swift in Sources */,
				1875770324650EFB003991A4 /* Session7ViewController.swift in Sources */,
				1872F63F24648C1F0029FA1D /* AppDelegate.swift in Sources */,
				1875770224650EFB003991A4 /* Session2ViewController.swift in Sources */,
				187576FF24650EFB003991A4 /* Session3ViewController.swift in Sources */,
				1875770024650EFB003991A4 /* Session1ViewController.swift in Sources */,
				187576F324650BC1003991A4 /* Session2.swift in Sources */,
				1875770124650EFB003991A4 /* Session8ViewController.swift in Sources */,
				1872F65324648CB00029FA1D /* Session1.swift in Sources */,
				187576FD24650EFB003991A4 /* Session4ViewController.swift in Sources */,
				1872F64124648C1F0029FA1D /* SceneDelegate.swift in Sources */,
			);
			runOnlyForDeploymentPostprocessing = 0;
		};
/* End PBXSourcesBuildPhase section */

/* Begin PBXVariantGroup section */
		1872F64424648C1F0029FA1D /* Main.storyboard */ = {
			isa = PBXVariantGroup;
			children = (
				1872F64524648C1F0029FA1D /* Base */,
			);
			name = Main.storyboard;
			sourceTree = "<group>";
		};
		1872F64924648C200029FA1D /* LaunchScreen.storyboard */ = {
			isa = PBXVariantGroup;
			children = (
				1872F64A24648C200029FA1D /* Base */,
			);
			name = LaunchScreen.storyboard;
			sourceTree = "<group>";
		};
/* End PBXVariantGroup section */

/* Begin XCBuildConfiguration section */
		1872F64D24648C200029FA1D /* Debug */ = {
			isa = XCBuildConfiguration;
			buildSettings = {
				ALWAYS_SEARCH_USER_PATHS = NO;
				CLANG_ANALYZER_NONNULL = YES;
				CLANG_ANALYZER_NUMBER_OBJECT_CONVERSION = YES_AGGRESSIVE;
				CLANG_CXX_LANGUAGE_STANDARD = "gnu++14";
				CLANG_CXX_LIBRARY = "libc++";
				CLANG_ENABLE_MODULES = YES;
				CLANG_ENABLE_OBJC_ARC = YES;
				CLANG_ENABLE_OBJC_WEAK = YES;
				CLANG_WARN_BLOCK_CAPTURE_AUTORELEASING = YES;
				CLANG_WARN_BOOL_CONVERSION = YES;
				CLANG_WARN_COMMA = YES;
				CLANG_WARN_CONSTANT_CONVERSION = YES;
				CLANG_WARN_DEPRECATED_OBJC_IMPLEMENTATIONS = YES;
				CLANG_WARN_DIRECT_OBJC_ISA_USAGE = YES_ERROR;
				CLANG_WARN_DOCUMENTATION_COMMENTS = YES;
				CLANG_WARN_EMPTY_BODY = YES;
				CLANG_WARN_ENUM_CONVERSION = YES;
				CLANG_WARN_INFINITE_RECURSION = YES;
				CLANG_WARN_INT_CONVERSION = YES;
				CLANG_WARN_NON_LITERAL_NULL_CONVERSION = YES;
				CLANG_WARN_OBJC_IMPLICIT_RETAIN_SELF = YES;
				CLANG_WARN_OBJC_LITERAL_CONVERSION = YES;
				CLANG_WARN_OBJC_ROOT_CLASS = YES_ERROR;
				CLANG_WARN_RANGE_LOOP_ANALYSIS = YES;
				CLANG_WARN_STRICT_PROTOTYPES = YES;
				CLANG_WARN_SUSPICIOUS_MOVE = YES;
				CLANG_WARN_UNGUARDED_AVAILABILITY = YES_AGGRESSIVE;
				CLANG_WARN_UNREACHABLE_CODE = YES;
				CLANG_WARN__DUPLICATE_METHOD_MATCH = YES;
				COPY_PHASE_STRIP = NO;
				DEBUG_INFORMATION_FORMAT = dwarf;
				ENABLE_STRICT_OBJC_MSGSEND = YES;
				ENABLE_TESTABILITY = YES;
				GCC_C_LANGUAGE_STANDARD = gnu11;
				GCC_DYNAMIC_NO_PIC = NO;
				GCC_NO_COMMON_BLOCKS = YES;
				GCC_OPTIMIZATION_LEVEL = 0;
				GCC_PREPROCESSOR_DEFINITIONS = (
					"DEBUG=1",
					"$(inherited)",
				);
				GCC_WARN_64_TO_32_BIT_CONVERSION = YES;
				GCC_WARN_ABOUT_RETURN_TYPE = YES_ERROR;
				GCC_WARN_UNDECLARED_SELECTOR = YES;
				GCC_WARN_UNINITIALIZED_AUTOS = YES_AGGRESSIVE;
				GCC_WARN_UNUSED_FUNCTION = YES;
				GCC_WARN_UNUSED_VARIABLE = YES;
				IPHONEOS_DEPLOYMENT_TARGET = 13.1;
				MTL_ENABLE_DEBUG_INFO = INCLUDE_SOURCE;
				MTL_FAST_MATH = YES;
				ONLY_ACTIVE_ARCH = YES;
				SDKROOT = iphoneos;
				SWIFT_ACTIVE_COMPILATION_CONDITIONS = DEBUG;
				SWIFT_OPTIMIZATION_LEVEL = "-Onone";
			};
			name = Debug;
		};
		1872F64E24648C200029FA1D /* Release */ = {
			isa = XCBuildConfiguration;
			buildSettings = {
				ALWAYS_SEARCH_USER_PATHS = NO;
				CLANG_ANALYZER_NONNULL = YES;
				CLANG_ANALYZER_NUMBER_OBJECT_CONVERSION = YES_AGGRESSIVE;
				CLANG_CXX_LANGUAGE_STANDARD = "gnu++14";
				CLANG_CXX_LIBRARY = "libc++";
				CLANG_ENABLE_MODULES = YES;
				CLANG_ENABLE_OBJC_ARC = YES;
				CLANG_ENABLE_OBJC_WEAK = YES;
				CLANG_WARN_BLOCK_CAPTURE_AUTORELEASING = YES;
				CLANG_WARN_BOOL_CONVERSION = YES;
				CLANG_WARN_COMMA = YES;
				CLANG_WARN_CONSTANT_CONVERSION = YES;
				CLANG_WARN_DEPRECATED_OBJC_IMPLEMENTATIONS = YES;
				CLANG_WARN_DIRECT_OBJC_ISA_USAGE = YES_ERROR;
				CLANG_WARN_DOCUMENTATION_COMMENTS = YES;
				CLANG_WARN_EMPTY_BODY = YES;
				CLANG_WARN_ENUM_CONVERSION = YES;
				CLANG_WARN_INFINITE_RECURSION = YES;
				CLANG_WARN_INT_CONVERSION = YES;
				CLANG_WARN_NON_LITERAL_NULL_CONVERSION = YES;
				CLANG_WARN_OBJC_IMPLICIT_RETAIN_SELF = YES;
				CLANG_WARN_OBJC_LITERAL_CONVERSION = YES;
				CLANG_WARN_OBJC_ROOT_CLASS = YES_ERROR;
				CLANG_WARN_RANGE_LOOP_ANALYSIS = YES;
				CLANG_WARN_STRICT_PROTOTYPES = YES;
				CLANG_WARN_SUSPICIOUS_MOVE = YES;
				CLANG_WARN_UNGUARDED_AVAILABILITY = YES_AGGRESSIVE;
				CLANG_WARN_UNREACHABLE_CODE = YES;
				CLANG_WARN__DUPLICATE_METHOD_MATCH = YES;
				COPY_PHASE_STRIP = NO;
				DEBUG_INFORMATION_FORMAT = "dwarf-with-dsym";
				ENABLE_NS_ASSERTIONS = NO;
				ENABLE_STRICT_OBJC_MSGSEND = YES;
				GCC_C_LANGUAGE_STANDARD = gnu11;
				GCC_NO_COMMON_BLOCKS = YES;
				GCC_WARN_64_TO_32_BIT_CONVERSION = YES;
				GCC_WARN_ABOUT_RETURN_TYPE = YES_ERROR;
				GCC_WARN_UNDECLARED_SELECTOR = YES;
				GCC_WARN_UNINITIALIZED_AUTOS = YES_AGGRESSIVE;
				GCC_WARN_UNUSED_FUNCTION = YES;
				GCC_WARN_UNUSED_VARIABLE = YES;
				IPHONEOS_DEPLOYMENT_TARGET = 13.1;
				MTL_ENABLE_DEBUG_INFO = NO;
				MTL_FAST_MATH = YES;
				SDKROOT = iphoneos;
				SWIFT_COMPILATION_MODE = wholemodule;
				SWIFT_OPTIMIZATION_LEVEL = "-O";
				VALIDATE_PRODUCT = YES;
			};
			name = Release;
		};
		1872F65024648C200029FA1D /* Debug */ = {
			isa = XCBuildConfiguration;
			buildSettings = {
				ASSETCATALOG_COMPILER_APPICON_NAME = AppIcon;
				CODE_SIGN_STYLE = Automatic;
				DEVELOPMENT_TEAM = K6RG6LVAYB;
				INFOPLIST_FILE = LeoConbineTut/Info.plist;
				LD_RUNPATH_SEARCH_PATHS = (
					"$(inherited)",
					"@executable_path/Frameworks",
				);
				PRODUCT_BUNDLE_IDENTIFIER = com.leo.LeoConbineTut;
				PRODUCT_NAME = "$(TARGET_NAME)";
				SWIFT_VERSION = 5.0;
				TARGETED_DEVICE_FAMILY = "1,2";
			};
			name = Debug;
		};
		1872F65124648C200029FA1D /* Release */ = {
			isa = XCBuildConfiguration;
			buildSettings = {
				ASSETCATALOG_COMPILER_APPICON_NAME = AppIcon;
				CODE_SIGN_STYLE = Automatic;
				DEVELOPMENT_TEAM = K6RG6LVAYB;
				INFOPLIST_FILE = LeoConbineTut/Info.plist;
				LD_RUNPATH_SEARCH_PATHS = (
					"$(inherited)",
					"@executable_path/Frameworks",
				);
				PRODUCT_BUNDLE_IDENTIFIER = com.leo.LeoConbineTut;
				PRODUCT_NAME = "$(TARGET_NAME)";
				SWIFT_VERSION = 5.0;
				TARGETED_DEVICE_FAMILY = "1,2";
			};
			name = Release;
		};
/* End XCBuildConfiguration section */

/* Begin XCConfigurationList section */
		1872F63624648C1F0029FA1D /* Build configuration list for PBXProject "LeoConbineTut" */ = {
			isa = XCConfigurationList;
			buildConfigurations = (
				1872F64D24648C200029FA1D /* Debug */,
				1872F64E24648C200029FA1D /* Release */,
			);
			defaultConfigurationIsVisible = 0;
			defaultConfigurationName = Release;
		};
		1872F64F24648C200029FA1D /* Build configuration list for PBXNativeTarget "LeoConbineTut" */ = {
			isa = XCConfigurationList;
			buildConfigurations = (
				1872F65024648C200029FA1D /* Debug */,
				1872F65124648C200029FA1D /* Release */,
			);
			defaultConfigurationIsVisible = 0;
			defaultConfigurationName = Release;
		};
/* End XCConfigurationList section */
	};
	rootObject = 1872F63324648C1F0029FA1D /* Project object */;
}
